
Microsoft Visual Studio Solution File, Format Version 12.00
# Visual Studio Version 17
VisualStudioVersion = 17.1.32421.90
MinimumVisualStudioVersion = 10.0.40219.1
Project("{2150E333-8FDC-42A3-9474-1A3956D46DE8}") = "src", "src", "{80A6C3E4-07C6-4FB9-94BF-8E3D43684D44}"
EndProject
Project("{2150E333-8FDC-42A3-9474-1A3956D46DE8}") = "test", "test", "{6644B36C-795F-4018-8D8A-00AE7C252618}"
EndProject
Project("{9A19103F-16F7-4668-BE54-9A1E7A4F7556}") = "Tools.Api", "src\Tools.Api\Tools.Api.csproj", "{CC19F4E5-D6F1-443C-A8FA-B4DD566952EC}"
EndProject
Project("{9A19103F-16F7-4668-BE54-9A1E7A4F7556}") = "ConsoleApp", "test\ConsoleApp\ConsoleApp.csproj", "{854BB7F4-D353-461E-92AF-5F463C3D0E19}"
EndProject
Project("{9A19103F-16F7-4668-BE54-9A1E7A4F7556}") = "ConsoleMongo", "test\ConsoleMongo\ConsoleMongo.csproj", "{014DFF36-D348-4B49-9B6A-D8D3A76B610F}"
EndProject
Project("{9A19103F-16F7-4668-BE54-9A1E7A4F7556}") = "WebApp", "src\WebApp\WebApp.csproj", "{BD585AFE-47DB-49BE-954C-9932DE49C13D}"
EndProject
Project("{9A19103F-16F7-4668-BE54-9A1E7A4F7556}") = "Yande", "src\Yande\Yande.csproj", "{9C4A6A28-BC5D-4F01-9AAD-5961DFDEF5AF}"
EndProject
Project("{9A19103F-16F7-4668-BE54-9A1E7A4F7556}") = "Core.Net.Cache", "src\Core.Net.Cache\Core.Net.Cache.csproj", "{36CF3220-3448-4E68-82AB-68D73DE664EC}"
EndProject
Project("{9A19103F-16F7-4668-BE54-9A1E7A4F7556}") = "Core.Net.Tests", "test\Core.Net.Tests\Core.Net.Tests.csproj", "{3EDDA3ED-51E0-44E2-AD28-D1CCC2E83A04}"
EndProject
Project("{9A19103F-16F7-4668-BE54-9A1E7A4F7556}") = "Core.Net", "src\Core.Net\Core.Net.csproj", "{EFAE77AE-934B-413E-8C89-5B96A86601CA}"
EndProject
Project("{9A19103F-16F7-4668-BE54-9A1E7A4F7556}") = "Core.Net.Configuration", "src\Core.Net.Configuration\Core.Net.Configuration.csproj", "{63A5F98A-AFC0-4E57-9DDE-130EB1E40827}"
EndProject
Project("{9A19103F-16F7-4668-BE54-9A1E7A4F7556}") = "Core.Net.RedisMq", "src\Core.Net.RedisMq\Core.Net.RedisMq.csproj", "{46BD2EE4-88FB-4F52-ADBC-8C417913E073}"
EndProject
Project("{9A19103F-16F7-4668-BE54-9A1E7A4F7556}") = "Core.Net.Util", "src\Core.Net.Util\Core.Net.Util.csproj", "{5C9DF8C8-B072-49D9-B363-C02B400C1663}"
EndProject
Project("{9A19103F-16F7-4668-BE54-9A1E7A4F7556}") = "Core.Api", "src\Core.Api\Core.Api.csproj", "{106433F3-2525-42CF-90F9-82D965A45030}"
EndProject
Project("{9A19103F-16F7-4668-BE54-9A1E7A4F7556}") = "Core.Net.Auth", "src\Core.Net.Auth\Core.Net.Auth.csproj", "{9700DC33-8BB1-4686-BD77-DA66CF174CC9}"
EndProject
Project("{9A19103F-16F7-4668-BE54-9A1E7A4F7556}") = "WebApplication", "src\WebApplication\WebApplication.csproj", "{CD4872FE-D78B-49E8-B486-C557737769DC}"
EndProject
Project("{9A19103F-16F7-4668-BE54-9A1E7A4F7556}") = "Core.Net.Redis", "src\Core.Net.Redis\Core.Net.Redis.csproj", "{72245A9A-2D02-48FA-A8AA-3E8B910FC994}"
EndProject
Project("{9A19103F-16F7-4668-BE54-9A1E7A4F7556}") = "Core.Net.Data", "src\Core.Net.Data\Core.Net.Data.csproj", "{FC2DA2F9-8E9F-46AB-9399-EB5061F49AEA}"
EndProject
Project("{9A19103F-16F7-4668-BE54-9A1E7A4F7556}") = "Core.Net.Entity", "src\Core.Net.Entity\Core.Net.Entity.csproj", "{8C2E5999-1593-4FFA-AE76-695E979974AC}"
EndProject
Project("{9A19103F-16F7-4668-BE54-9A1E7A4F7556}") = "Core.Net.Service", "src\Core.Net.Service\Core.Net.Service.csproj", "{10C8038E-0269-4423-9B32-C71DD5ACA23E}"
EndProject
Project("{9A19103F-16F7-4668-BE54-9A1E7A4F7556}") = "Core.Net.Web.Admin", "src\Core.Net.Web.Admin\Core.Net.Web.Admin.csproj", "{4650AEF5-9230-4E7A-BF11-B8BE2D13B7EF}"
EndProject
Project("{9A19103F-16F7-4668-BE54-9A1E7A4F7556}") = "WebApplication2", "src\WebApplication2\WebApplication2.csproj", "{3598E6F9-68B3-4DB8-AA37-4823EC45DA71}"
EndProject
Project("{9A19103F-16F7-4668-BE54-9A1E7A4F7556}") = "Core.Net.Filter", "src\Core.Net.Filter\Core.Net.Filter.csproj", "{B4FD1FBA-630B-4D7B-A3BC-261689ED7858}"
EndProject
Project("{9A19103F-16F7-4668-BE54-9A1E7A4F7556}") = "Core.Net.Loging", "src\Core.Net.Loging\Core.Net.Loging.csproj", "{20FC691D-7A9F-4295-BD7E-FCA45C27E6D6}"
EndProject
Project("{9A19103F-16F7-4668-BE54-9A1E7A4F7556}") = "Core.Net.Middlewares", "src\Core.Net.Middlewares\Core.Net.Middlewares.csproj", "{29CFB4F8-B3FF-4C96-A703-3E4B74603243}"
EndProject
Project("{FAE04EC0-301F-11D3-BF4B-00C04F79EFBC}") = "Core.Encryption.Api", "src\Core.Encryption.Api\Core.Encryption.Api.csproj", "{49B2FF6E-2DED-408F-AB3E-D6A38075192A}"
EndProject
Global
	GlobalSection(SolutionConfigurationPlatforms) = preSolution
		Debug|Any CPU = Debug|Any CPU
		Release|Any CPU = Release|Any CPU
	EndGlobalSection
	GlobalSection(ProjectConfigurationPlatforms) = postSolution
		{CC19F4E5-D6F1-443C-A8FA-B4DD566952EC}.Debug|Any CPU.ActiveCfg = Debug|Any CPU
		{CC19F4E5-D6F1-443C-A8FA-B4DD566952EC}.Debug|Any CPU.Build.0 = Debug|Any CPU
		{CC19F4E5-D6F1-443C-A8FA-B4DD566952EC}.Release|Any CPU.ActiveCfg = Release|Any CPU
		{CC19F4E5-D6F1-443C-A8FA-B4DD566952EC}.Release|Any CPU.Build.0 = Release|Any CPU
		{854BB7F4-D353-461E-92AF-5F463C3D0E19}.Debug|Any CPU.ActiveCfg = Debug|Any CPU
		{854BB7F4-D353-461E-92AF-5F463C3D0E19}.Debug|Any CPU.Build.0 = Debug|Any CPU
		{854BB7F4-D353-461E-92AF-5F463C3D0E19}.Release|Any CPU.ActiveCfg = Release|Any CPU
		{854BB7F4-D353-461E-92AF-5F463C3D0E19}.Release|Any CPU.Build.0 = Release|Any CPU
		{014DFF36-D348-4B49-9B6A-D8D3A76B610F}.Debug|Any CPU.ActiveCfg = Debug|Any CPU
		{014DFF36-D348-4B49-9B6A-D8D3A76B610F}.Debug|Any CPU.Build.0 = Debug|Any CPU
		{014DFF36-D348-4B49-9B6A-D8D3A76B610F}.Release|Any CPU.ActiveCfg = Release|Any CPU
		{014DFF36-D348-4B49-9B6A-D8D3A76B610F}.Release|Any CPU.Build.0 = Release|Any CPU
		{BD585AFE-47DB-49BE-954C-9932DE49C13D}.Debug|Any CPU.ActiveCfg = Debug|Any CPU
		{BD585AFE-47DB-49BE-954C-9932DE49C13D}.Debug|Any CPU.Build.0 = Debug|Any CPU
		{BD585AFE-47DB-49BE-954C-9932DE49C13D}.Release|Any CPU.ActiveCfg = Release|Any CPU
		{BD585AFE-47DB-49BE-954C-9932DE49C13D}.Release|Any CPU.Build.0 = Release|Any CPU
		{9C4A6A28-BC5D-4F01-9AAD-5961DFDEF5AF}.Debug|Any CPU.ActiveCfg = Debug|Any CPU
		{9C4A6A28-BC5D-4F01-9AAD-5961DFDEF5AF}.Debug|Any CPU.Build.0 = Debug|Any CPU
		{9C4A6A28-BC5D-4F01-9AAD-5961DFDEF5AF}.Release|Any CPU.ActiveCfg = Release|Any CPU
		{9C4A6A28-BC5D-4F01-9AAD-5961DFDEF5AF}.Release|Any CPU.Build.0 = Release|Any CPU
		{36CF3220-3448-4E68-82AB-68D73DE664EC}.Debug|Any CPU.ActiveCfg = Debug|Any CPU
		{36CF3220-3448-4E68-82AB-68D73DE664EC}.Debug|Any CPU.Build.0 = Debug|Any CPU
		{36CF3220-3448-4E68-82AB-68D73DE664EC}.Release|Any CPU.ActiveCfg = Release|Any CPU
		{36CF3220-3448-4E68-82AB-68D73DE664EC}.Release|Any CPU.Build.0 = Release|Any CPU
		{3EDDA3ED-51E0-44E2-AD28-D1CCC2E83A04}.Debug|Any CPU.ActiveCfg = Debug|Any CPU
		{3EDDA3ED-51E0-44E2-AD28-D1CCC2E83A04}.Debug|Any CPU.Build.0 = Debug|Any CPU
		{3EDDA3ED-51E0-44E2-AD28-D1CCC2E83A04}.Release|Any CPU.ActiveCfg = Release|Any CPU
		{3EDDA3ED-51E0-44E2-AD28-D1CCC2E83A04}.Release|Any CPU.Build.0 = Release|Any CPU
		{EFAE77AE-934B-413E-8C89-5B96A86601CA}.Debug|Any CPU.ActiveCfg = Debug|Any CPU
		{EFAE77AE-934B-413E-8C89-5B96A86601CA}.Debug|Any CPU.Build.0 = Debug|Any CPU
		{EFAE77AE-934B-413E-8C89-5B96A86601CA}.Release|Any CPU.ActiveCfg = Release|Any CPU
		{EFAE77AE-934B-413E-8C89-5B96A86601CA}.Release|Any CPU.Build.0 = Release|Any CPU
		{63A5F98A-AFC0-4E57-9DDE-130EB1E40827}.Debug|Any CPU.ActiveCfg = Debug|Any CPU
		{63A5F98A-AFC0-4E57-9DDE-130EB1E40827}.Debug|Any CPU.Build.0 = Debug|Any CPU
		{63A5F98A-AFC0-4E57-9DDE-130EB1E40827}.Release|Any CPU.ActiveCfg = Release|Any CPU
		{63A5F98A-AFC0-4E57-9DDE-130EB1E40827}.Release|Any CPU.Build.0 = Release|Any CPU
		{46BD2EE4-88FB-4F52-ADBC-8C417913E073}.Debug|Any CPU.ActiveCfg = Debug|Any CPU
		{46BD2EE4-88FB-4F52-ADBC-8C417913E073}.Debug|Any CPU.Build.0 = Debug|Any CPU
		{46BD2EE4-88FB-4F52-ADBC-8C417913E073}.Release|Any CPU.ActiveCfg = Release|Any CPU
		{46BD2EE4-88FB-4F52-ADBC-8C417913E073}.Release|Any CPU.Build.0 = Release|Any CPU
		{5C9DF8C8-B072-49D9-B363-C02B400C1663}.Debug|Any CPU.ActiveCfg = Debug|Any CPU
		{5C9DF8C8-B072-49D9-B363-C02B400C1663}.Debug|Any CPU.Build.0 = Debug|Any CPU
		{5C9DF8C8-B072-49D9-B363-C02B400C1663}.Release|Any CPU.ActiveCfg = Release|Any CPU
		{5C9DF8C8-B072-49D9-B363-C02B400C1663}.Release|Any CPU.Build.0 = Release|Any CPU
		{106433F3-2525-42CF-90F9-82D965A45030}.Debug|Any CPU.ActiveCfg = Debug|Any CPU
		{106433F3-2525-42CF-90F9-82D965A45030}.Debug|Any CPU.Build.0 = Debug|Any CPU
		{106433F3-2525-42CF-90F9-82D965A45030}.Release|Any CPU.ActiveCfg = Release|Any CPU
		{106433F3-2525-42CF-90F9-82D965A45030}.Release|Any CPU.Build.0 = Release|Any CPU
		{9700DC33-8BB1-4686-BD77-DA66CF174CC9}.Debug|Any CPU.ActiveCfg = Debug|Any CPU
		{9700DC33-8BB1-4686-BD77-DA66CF174CC9}.Debug|Any CPU.Build.0 = Debug|Any CPU
		{9700DC33-8BB1-4686-BD77-DA66CF174CC9}.Release|Any CPU.ActiveCfg = Release|Any CPU
		{9700DC33-8BB1-4686-BD77-DA66CF174CC9}.Release|Any CPU.Build.0 = Release|Any CPU
		{CD4872FE-D78B-49E8-B486-C557737769DC}.Debug|Any CPU.ActiveCfg = Debug|Any CPU
		{CD4872FE-D78B-49E8-B486-C557737769DC}.Debug|Any CPU.Build.0 = Debug|Any CPU
		{CD4872FE-D78B-49E8-B486-C557737769DC}.Release|Any CPU.ActiveCfg = Release|Any CPU
		{CD4872FE-D78B-49E8-B486-C557737769DC}.Release|Any CPU.Build.0 = Release|Any CPU
		{72245A9A-2D02-48FA-A8AA-3E8B910FC994}.Debug|Any CPU.ActiveCfg = Debug|Any CPU
		{72245A9A-2D02-48FA-A8AA-3E8B910FC994}.Debug|Any CPU.Build.0 = Debug|Any CPU
		{72245A9A-2D02-48FA-A8AA-3E8B910FC994}.Release|Any CPU.ActiveCfg = Release|Any CPU
		{72245A9A-2D02-48FA-A8AA-3E8B910FC994}.Release|Any CPU.Build.0 = Release|Any CPU
		{FC2DA2F9-8E9F-46AB-9399-EB5061F49AEA}.Debug|Any CPU.ActiveCfg = Debug|Any CPU
		{FC2DA2F9-8E9F-46AB-9399-EB5061F49AEA}.Debug|Any CPU.Build.0 = Debug|Any CPU
		{FC2DA2F9-8E9F-46AB-9399-EB5061F49AEA}.Release|Any CPU.ActiveCfg = Release|Any CPU
		{FC2DA2F9-8E9F-46AB-9399-EB5061F49AEA}.Release|Any CPU.Build.0 = Release|Any CPU
		{8C2E5999-1593-4FFA-AE76-695E979974AC}.Debug|Any CPU.ActiveCfg = Debug|Any CPU
		{8C2E5999-1593-4FFA-AE76-695E979974AC}.Debug|Any CPU.Build.0 = Debug|Any CPU
		{8C2E5999-1593-4FFA-AE76-695E979974AC}.Release|Any CPU.ActiveCfg = Release|Any CPU
		{8C2E5999-1593-4FFA-AE76-695E979974AC}.Release|Any CPU.Build.0 = Release|Any CPU
		{10C8038E-0269-4423-9B32-C71DD5ACA23E}.Debug|Any CPU.ActiveCfg = Debug|Any CPU
		{10C8038E-0269-4423-9B32-C71DD5ACA23E}.Debug|Any CPU.Build.0 = Debug|Any CPU
		{10C8038E-0269-4423-9B32-C71DD5ACA23E}.Release|Any CPU.ActiveCfg = Release|Any CPU
		{10C8038E-0269-4423-9B32-C71DD5ACA23E}.Release|Any CPU.Build.0 = Release|Any CPU
		{4650AEF5-9230-4E7A-BF11-B8BE2D13B7EF}.Debug|Any CPU.ActiveCfg = Debug|Any CPU
		{4650AEF5-9230-4E7A-BF11-B8BE2D13B7EF}.Debug|Any CPU.Build.0 = Debug|Any CPU
		{4650AEF5-9230-4E7A-BF11-B8BE2D13B7EF}.Release|Any CPU.ActiveCfg = Release|Any CPU
		{4650AEF5-9230-4E7A-BF11-B8BE2D13B7EF}.Release|Any CPU.Build.0 = Release|Any CPU
		{3598E6F9-68B3-4DB8-AA37-4823EC45DA71}.Debug|Any CPU.ActiveCfg = Debug|Any CPU
		{3598E6F9-68B3-4DB8-AA37-4823EC45DA71}.Debug|Any CPU.Build.0 = Debug|Any CPU
		{3598E6F9-68B3-4DB8-AA37-4823EC45DA71}.Release|Any CPU.ActiveCfg = Release|Any CPU
		{3598E6F9-68B3-4DB8-AA37-4823EC45DA71}.Release|Any CPU.Build.0 = Release|Any CPU
		{B4FD1FBA-630B-4D7B-A3BC-261689ED7858}.Debug|Any CPU.ActiveCfg = Debug|Any CPU
		{B4FD1FBA-630B-4D7B-A3BC-261689ED7858}.Debug|Any CPU.Build.0 = Debug|Any CPU
		{B4FD1FBA-630B-4D7B-A3BC-261689ED7858}.Release|Any CPU.ActiveCfg = Release|Any CPU
		{B4FD1FBA-630B-4D7B-A3BC-261689ED7858}.Release|Any CPU.Build.0 = Release|Any CPU
		{20FC691D-7A9F-4295-BD7E-FCA45C27E6D6}.Debug|Any CPU.ActiveCfg = Debug|Any CPU
		{20FC691D-7A9F-4295-BD7E-FCA45C27E6D6}.Debug|Any CPU.Build.0 = Debug|Any CPU
		{20FC691D-7A9F-4295-BD7E-FCA45C27E6D6}.Release|Any CPU.ActiveCfg = Release|Any CPU
		{20FC691D-7A9F-4295-BD7E-FCA45C27E6D6}.Release|Any CPU.Build.0 = Release|Any CPU
		{29CFB4F8-B3FF-4C96-A703-3E4B74603243}.Debug|Any CPU.ActiveCfg = Debug|Any CPU
		{29CFB4F8-B3FF-4C96-A703-3E4B74603243}.Debug|Any CPU.Build.0 = Debug|Any CPU
		{29CFB4F8-B3FF-4C96-A703-3E4B74603243}.Release|Any CPU.ActiveCfg = Release|Any CPU
		{29CFB4F8-B3FF-4C96-A703-3E4B74603243}.Release|Any CPU.Build.0 = Release|Any CPU
		{49B2FF6E-2DED-408F-AB3E-D6A38075192A}.Debug|Any CPU.ActiveCfg = Debug|Any CPU
		{49B2FF6E-2DED-408F-AB3E-D6A38075192A}.Debug|Any CPU.Build.0 = Debug|Any CPU
		{49B2FF6E-2DED-408F-AB3E-D6A38075192A}.Release|Any CPU.ActiveCfg = Release|Any CPU
		{49B2FF6E-2DED-408F-AB3E-D6A38075192A}.Release|Any CPU.Build.0 = Release|Any CPU
	EndGlobalSection
	GlobalSection(SolutionProperties) = preSolution
		HideSolutionNode = FALSE
	EndGlobalSection
	GlobalSection(NestedProjects) = preSolution
		{CC19F4E5-D6F1-443C-A8FA-B4DD566952EC} = {80A6C3E4-07C6-4FB9-94BF-8E3D43684D44}
		{854BB7F4-D353-461E-92AF-5F463C3D0E19} = {6644B36C-795F-4018-8D8A-00AE7C252618}
		{014DFF36-D348-4B49-9B6A-D8D3A76B610F} = {6644B36C-795F-4018-8D8A-00AE7C252618}
		{BD585AFE-47DB-49BE-954C-9932DE49C13D} = {80A6C3E4-07C6-4FB9-94BF-8E3D43684D44}
		{9C4A6A28-BC5D-4F01-9AAD-5961DFDEF5AF} = {80A6C3E4-07C6-4FB9-94BF-8E3D43684D44}
		{36CF3220-3448-4E68-82AB-68D73DE664EC} = {80A6C3E4-07C6-4FB9-94BF-8E3D43684D44}
		{3EDDA3ED-51E0-44E2-AD28-D1CCC2E83A04} = {6644B36C-795F-4018-8D8A-00AE7C252618}
		{EFAE77AE-934B-413E-8C89-5B96A86601CA} = {80A6C3E4-07C6-4FB9-94BF-8E3D43684D44}
		{63A5F98A-AFC0-4E57-9DDE-130EB1E40827} = {80A6C3E4-07C6-4FB9-94BF-8E3D43684D44}
		{46BD2EE4-88FB-4F52-ADBC-8C417913E073} = {80A6C3E4-07C6-4FB9-94BF-8E3D43684D44}
		{5C9DF8C8-B072-49D9-B363-C02B400C1663} = {80A6C3E4-07C6-4FB9-94BF-8E3D43684D44}
		{106433F3-2525-42CF-90F9-82D965A45030} = {80A6C3E4-07C6-4FB9-94BF-8E3D43684D44}
		{9700DC33-8BB1-4686-BD77-DA66CF174CC9} = {80A6C3E4-07C6-4FB9-94BF-8E3D43684D44}
		{CD4872FE-D78B-49E8-B486-C557737769DC} = {80A6C3E4-07C6-4FB9-94BF-8E3D43684D44}
		{72245A9A-2D02-48FA-A8AA-3E8B910FC994} = {80A6C3E4-07C6-4FB9-94BF-8E3D43684D44}
		{FC2DA2F9-8E9F-46AB-9399-EB5061F49AEA} = {80A6C3E4-07C6-4FB9-94BF-8E3D43684D44}
		{8C2E5999-1593-4FFA-AE76-695E979974AC} = {80A6C3E4-07C6-4FB9-94BF-8E3D43684D44}
		{10C8038E-0269-4423-9B32-C71DD5ACA23E} = {80A6C3E4-07C6-4FB9-94BF-8E3D43684D44}
		{4650AEF5-9230-4E7A-BF11-B8BE2D13B7EF} = {80A6C3E4-07C6-4FB9-94BF-8E3D43684D44}
		{3598E6F9-68B3-4DB8-AA37-4823EC45DA71} = {80A6C3E4-07C6-4FB9-94BF-8E3D43684D44}
		{B4FD1FBA-630B-4D7B-A3BC-261689ED7858} = {80A6C3E4-07C6-4FB9-94BF-8E3D43684D44}
		{20FC691D-7A9F-4295-BD7E-FCA45C27E6D6} = {80A6C3E4-07C6-4FB9-94BF-8E3D43684D44}
		{29CFB4F8-B3FF-4C96-A703-3E4B74603243} = {80A6C3E4-07C6-4FB9-94BF-8E3D43684D44}
		{49B2FF6E-2DED-408F-AB3E-D6A38075192A} = {80A6C3E4-07C6-4FB9-94BF-8E3D43684D44}
	EndGlobalSection
	GlobalSection(ExtensibilityGlobals) = postSolution
		SolutionGuid = {71531367-8093-49BC-A7FA-99FD2B94FD10}
	EndGlobalSection
EndGlobal
